
Microsoft Visual Studio Solution File, Format Version 12.00
# Visual Studio Version 16
VisualStudioVersion = 16.0.31005.135
MinimumVisualStudioVersion = 10.0.40219.1
Project("{FAE04EC0-301F-11D3-BF4B-00C04F79EFBC}") = "ConsoleAppCollections", "ConsoleAppCollections\ConsoleAppCollections.csproj", "{AEB4A417-EE62-4606-8D9F-F619D4A67BF3}"
EndProject
Global
	GlobalSection(SolutionConfigurationPlatforms) = preSolution
		Debug|Any CPU = Debug|Any CPU
		Release|Any CPU = Release|Any CPU
	EndGlobalSection
	GlobalSection(ProjectConfigurationPlatforms) = postSolution
		{AEB4A417-EE62-4606-8D9F-F619D4A67BF3}.Debug|Any CPU.ActiveCfg = Debug|Any CPU
		{AEB4A417-EE62-4606-8D9F-F619D4A67BF3}.Debug|Any CPU.Build.0 = Debug|Any CPU
		{AEB4A417-EE62-4606-8D9F-F619D4A67BF3}.Release|Any CPU.ActiveCfg = Release|Any CPU
		{AEB4A417-EE62-4606-8D9F-F619D4A67BF3}.Release|Any CPU.Build.0 = Release|Any CPU
	EndGlobalSection
	GlobalSection(SolutionProperties) = preSolution
		HideSolutionNode = FALSE
	EndGlobalSection
	GlobalSection(ExtensibilityGlobals) = postSolution
		SolutionGuid = {C5067663-8704-4F7F-AA3F-ACBD981E3CA9}
	EndGlobalSection
EndGlobal
